{
  "name": "proxy",
  "version": "1.0.0",
  "lockfileVersion": 3,
  "requires": true,
  "packages": {
    "": {
      "name": "proxy",
      "version": "1.0.0",
      "license": "ISC",
      "dependencies": {
        "@pushforge/builder": "^2.0.1"
      }
    },
    "node_modules/@pushforge/builder": {
      "version": "2.0.1",
      "resolved": "https://registry.npmjs.org/@pushforge/builder/-/builder-2.0.1.tgz",
      "integrity": "sha512-bH7GU4gzUlBhmpxZOfmYJ4KQrC+CVkV1IN2fav+W7sp0tqi2HfcAHFtvISSTstyjOfz+32Rvy9bmpfLgNSOHCQ==",
      "license": "MIT",
      "bin": {
        "pushforge": "dist/lib/commandLine/keys.js"
      },
      "engines": {
        "node": ">=20.0.0"
      }
    }
  }
}
